// !$*UTF8*$!
{
	archiveVersion = 1;
	classes = {
	};
	objectVersion = 46;
	objects = {

/* Begin PBXBuildFile section */
		1B1870AC192A85F400EC6375 /* TBEstilosQueTocaDelegate.m in Sources */ = {isa = PBXBuildFile; fileRef = 1B1870AB192A85F400EC6375 /* TBEstilosQueTocaDelegate.m */; };
		1B1870AF192A860200EC6375 /* TBEstilosDelegate.m in Sources */ = {isa = PBXBuildFile; fileRef = 1B1870AE192A860200EC6375 /* TBEstilosDelegate.m */; };
		1B1870B2192A9C6400EC6375 /* Usuario.m in Sources */ = {isa = PBXBuildFile; fileRef = 1B1870B1192A9C6400EC6375 /* Usuario.m */; };
		1B1870B5192AA01900EC6375 /* CadastroUsuario.m in Sources */ = {isa = PBXBuildFile; fileRef = 1B1870B4192AA01900EC6375 /* CadastroUsuario.m */; };
		1B82766F192BDB3500E461AD /* TelaBuscaViewController.m in Sources */ = {isa = PBXBuildFile; fileRef = 1B82766D192BDB3500E461AD /* TelaBuscaViewController.m */; };
		1B827670192BDB3500E461AD /* TelaBuscaViewController.xib in Resources */ = {isa = PBXBuildFile; fileRef = 1B82766E192BDB3500E461AD /* TelaBuscaViewController.xib */; };
		1B827672192BDCE800E461AD /* delegatesTest.m in Sources */ = {isa = PBXBuildFile; fileRef = 1B827671192BDCE800E461AD /* delegatesTest.m */; };
		1BD384501926A34F0044A2E4 /* TBInstrumentosDelegate.m in Sources */ = {isa = PBXBuildFile; fileRef = 1BD3844F1926A34F0044A2E4 /* TBInstrumentosDelegate.m */; };
		1BD384561926A5CB0044A2E4 /* CadastroStore.m in Sources */ = {isa = PBXBuildFile; fileRef = 1BD384551926A5CB0044A2E4 /* CadastroStore.m */; };
		1BD384591926AF710044A2E4 /* TBInstrumentosQueTocaDelegate.m in Sources */ = {isa = PBXBuildFile; fileRef = 1BD384581926AF710044A2E4 /* TBInstrumentosQueTocaDelegate.m */; };
		1BE8E3BA192533AD00D108C0 /* Foundation.framework in Frameworks */ = {isa = PBXBuildFile; fileRef = 1BE8E3B9192533AD00D108C0 /* Foundation.framework */; };
		1BE8E3BC192533AD00D108C0 /* CoreGraphics.framework in Frameworks */ = {isa = PBXBuildFile; fileRef = 1BE8E3BB192533AD00D108C0 /* CoreGraphics.framework */; };
		1BE8E3BE192533AD00D108C0 /* UIKit.framework in Frameworks */ = {isa = PBXBuildFile; fileRef = 1BE8E3BD192533AD00D108C0 /* UIKit.framework */; };
		1BE8E3C0192533AD00D108C0 /* CoreData.framework in Frameworks */ = {isa = PBXBuildFile; fileRef = 1BE8E3BF192533AD00D108C0 /* CoreData.framework */; };
		1BE8E3C6192533AD00D108C0 /* InfoPlist.strings in Resources */ = {isa = PBXBuildFile; fileRef = 1BE8E3C4192533AD00D108C0 /* InfoPlist.strings */; };
		1BE8E3C8192533AD00D108C0 /* main.m in Sources */ = {isa = PBXBuildFile; fileRef = 1BE8E3C7192533AD00D108C0 /* main.m */; };
		1BE8E3CC192533AD00D108C0 /* AppDelegate.m in Sources */ = {isa = PBXBuildFile; fileRef = 1BE8E3CB192533AD00D108C0 /* AppDelegate.m */; };
		1BE8E3CF192533AD00D108C0 /* appFinal1.xcdatamodeld in Sources */ = {isa = PBXBuildFile; fileRef = 1BE8E3CD192533AD00D108C0 /* appFinal1.xcdatamodeld */; };
		1BE8E3D1192533AD00D108C0 /* Images.xcassets in Resources */ = {isa = PBXBuildFile; fileRef = 1BE8E3D0192533AD00D108C0 /* Images.xcassets */; };
		1BE8E3D8192533AD00D108C0 /* XCTest.framework in Frameworks */ = {isa = PBXBuildFile; fileRef = 1BE8E3D7192533AD00D108C0 /* XCTest.framework */; };
		1BE8E3D9192533AD00D108C0 /* Foundation.framework in Frameworks */ = {isa = PBXBuildFile; fileRef = 1BE8E3B9192533AD00D108C0 /* Foundation.framework */; };
		1BE8E3DA192533AD00D108C0 /* UIKit.framework in Frameworks */ = {isa = PBXBuildFile; fileRef = 1BE8E3BD192533AD00D108C0 /* UIKit.framework */; };
		1BE8E3DB192533AD00D108C0 /* CoreData.framework in Frameworks */ = {isa = PBXBuildFile; fileRef = 1BE8E3BF192533AD00D108C0 /* CoreData.framework */; };
		1BE8E3E3192533AD00D108C0 /* InfoPlist.strings in Resources */ = {isa = PBXBuildFile; fileRef = 1BE8E3E1192533AD00D108C0 /* InfoPlist.strings */; };
		1BE8E3E5192533AD00D108C0 /* appFinal1Tests.m in Sources */ = {isa = PBXBuildFile; fileRef = 1BE8E3E4192533AD00D108C0 /* appFinal1Tests.m */; };
		1BE8E3F21925343300D108C0 /* TelaCadastroViewController.m in Sources */ = {isa = PBXBuildFile; fileRef = 1BE8E3F01925343300D108C0 /* TelaCadastroViewController.m */; };
		1BE8E3F31925343300D108C0 /* TelaCadastroViewController.xib in Resources */ = {isa = PBXBuildFile; fileRef = 1BE8E3F11925343300D108C0 /* TelaCadastroViewController.xib */; };
		1BE8E3FC192544E900D108C0 /* LocalStore.m in Sources */ = {isa = PBXBuildFile; fileRef = 1BE8E3FB192544E900D108C0 /* LocalStore.m */; };
/* End PBXBuildFile section */

/* Begin PBXContainerItemProxy section */
		1BE8E3DC192533AD00D108C0 /* PBXContainerItemProxy */ = {
			isa = PBXContainerItemProxy;
			containerPortal = 1BE8E3AE192533AD00D108C0 /* Project object */;
			proxyType = 1;
			remoteGlobalIDString = 1BE8E3B5192533AD00D108C0;
			remoteInfo = appFinal1;
		};
/* End PBXContainerItemProxy section */

/* Begin PBXFileReference section */
		1B1870AA192A85F400EC6375 /* TBEstilosQueTocaDelegate.h */ = {isa = PBXFileReference; fileEncoding = 4; lastKnownFileType = sourcecode.c.h; path = TBEstilosQueTocaDelegate.h; sourceTree = "<group>"; };
		1B1870AB192A85F400EC6375 /* TBEstilosQueTocaDelegate.m */ = {isa = PBXFileReference; fileEncoding = 4; lastKnownFileType = sourcecode.c.objc; path = TBEstilosQueTocaDelegate.m; sourceTree = "<group>"; };
		1B1870AD192A860200EC6375 /* TBEstilosDelegate.h */ = {isa = PBXFileReference; fileEncoding = 4; lastKnownFileType = sourcecode.c.h; path = TBEstilosDelegate.h; sourceTree = "<group>"; };
		1B1870AE192A860200EC6375 /* TBEstilosDelegate.m */ = {isa = PBXFileReference; fileEncoding = 4; lastKnownFileType = sourcecode.c.objc; path = TBEstilosDelegate.m; sourceTree = "<group>"; };
		1B1870B0192A9C6400EC6375 /* Usuario.h */ = {isa = PBXFileReference; fileEncoding = 4; lastKnownFileType = sourcecode.c.h; path = Usuario.h; sourceTree = "<group>"; };
		1B1870B1192A9C6400EC6375 /* Usuario.m */ = {isa = PBXFileReference; fileEncoding = 4; lastKnownFileType = sourcecode.c.objc; path = Usuario.m; sourceTree = "<group>"; };
		1B1870B3192AA01900EC6375 /* CadastroUsuario.h */ = {isa = PBXFileReference; fileEncoding = 4; lastKnownFileType = sourcecode.c.h; path = CadastroUsuario.h; sourceTree = "<group>"; };
		1B1870B4192AA01900EC6375 /* CadastroUsuario.m */ = {isa = PBXFileReference; fileEncoding = 4; lastKnownFileType = sourcecode.c.objc; path = CadastroUsuario.m; sourceTree = "<group>"; };
		1B82766C192BDB3500E461AD /* TelaBuscaViewController.h */ = {isa = PBXFileReference; fileEncoding = 4; lastKnownFileType = sourcecode.c.h; path = TelaBuscaViewController.h; sourceTree = "<group>"; };
		1B82766D192BDB3500E461AD /* TelaBuscaViewController.m */ = {isa = PBXFileReference; fileEncoding = 4; lastKnownFileType = sourcecode.c.objc; path = TelaBuscaViewController.m; sourceTree = "<group>"; };
		1B82766E192BDB3500E461AD /* TelaBuscaViewController.xib */ = {isa = PBXFileReference; fileEncoding = 4; lastKnownFileType = file.xib; path = TelaBuscaViewController.xib; sourceTree = "<group>"; };
		1B827671192BDCE800E461AD /* delegatesTest.m */ = {isa = PBXFileReference; fileEncoding = 4; lastKnownFileType = sourcecode.c.objc; path = delegatesTest.m; sourceTree = "<group>"; };
		1BD3844E1926A34F0044A2E4 /* TBInstrumentosDelegate.h */ = {isa = PBXFileReference; fileEncoding = 4; lastKnownFileType = sourcecode.c.h; path = TBInstrumentosDelegate.h; sourceTree = "<group>"; };
		1BD3844F1926A34F0044A2E4 /* TBInstrumentosDelegate.m */ = {isa = PBXFileReference; fileEncoding = 4; lastKnownFileType = sourcecode.c.objc; path = TBInstrumentosDelegate.m; sourceTree = "<group>"; };
		1BD384541926A5CB0044A2E4 /* CadastroStore.h */ = {isa = PBXFileReference; fileEncoding = 4; lastKnownFileType = sourcecode.c.h; path = CadastroStore.h; sourceTree = "<group>"; };
		1BD384551926A5CB0044A2E4 /* CadastroStore.m */ = {isa = PBXFileReference; fileEncoding = 4; lastKnownFileType = sourcecode.c.objc; path = CadastroStore.m; sourceTree = "<group>"; };
		1BD384571926AF710044A2E4 /* TBInstrumentosQueTocaDelegate.h */ = {isa = PBXFileReference; fileEncoding = 4; lastKnownFileType = sourcecode.c.h; path = TBInstrumentosQueTocaDelegate.h; sourceTree = "<group>"; };
		1BD384581926AF710044A2E4 /* TBInstrumentosQueTocaDelegate.m */ = {isa = PBXFileReference; fileEncoding = 4; lastKnownFileType = sourcecode.c.objc; path = TBInstrumentosQueTocaDelegate.m; sourceTree = "<group>"; };
		1BE8E3B6192533AD00D108C0 /* appFinal1.app */ = {isa = PBXFileReference; explicitFileType = wrapper.application; includeInIndex = 0; path = appFinal1.app; sourceTree = BUILT_PRODUCTS_DIR; };
		1BE8E3B9192533AD00D108C0 /* Foundation.framework */ = {isa = PBXFileReference; lastKnownFileType = wrapper.framework; name = Foundation.framework; path = System/Library/Frameworks/Foundation.framework; sourceTree = SDKROOT; };
		1BE8E3BB192533AD00D108C0 /* CoreGraphics.framework */ = {isa = PBXFileReference; lastKnownFileType = wrapper.framework; name = CoreGraphics.framework; path = System/Library/Frameworks/CoreGraphics.framework; sourceTree = SDKROOT; };
		1BE8E3BD192533AD00D108C0 /* UIKit.framework */ = {isa = PBXFileReference; lastKnownFileType = wrapper.framework; name = UIKit.framework; path = System/Library/Frameworks/UIKit.framework; sourceTree = SDKROOT; };
		1BE8E3BF192533AD00D108C0 /* CoreData.framework */ = {isa = PBXFileReference; lastKnownFileType = wrapper.framework; name = CoreData.framework; path = System/Library/Frameworks/CoreData.framework; sourceTree = SDKROOT; };
		1BE8E3C3192533AD00D108C0 /* appFinal1-Info.plist */ = {isa = PBXFileReference; lastKnownFileType = text.plist.xml; path = "appFinal1-Info.plist"; sourceTree = "<group>"; };
		1BE8E3C5192533AD00D108C0 /* en */ = {isa = PBXFileReference; lastKnownFileType = text.plist.strings; name = en; path = en.lproj/InfoPlist.strings; sourceTree = "<group>"; };
		1BE8E3C7192533AD00D108C0 /* main.m */ = {isa = PBXFileReference; lastKnownFileType = sourcecode.c.objc; path = main.m; sourceTree = "<group>"; };
		1BE8E3C9192533AD00D108C0 /* appFinal1-Prefix.pch */ = {isa = PBXFileReference; lastKnownFileType = sourcecode.c.h; path = "appFinal1-Prefix.pch"; sourceTree = "<group>"; };
		1BE8E3CA192533AD00D108C0 /* AppDelegate.h */ = {isa = PBXFileReference; lastKnownFileType = sourcecode.c.h; path = AppDelegate.h; sourceTree = "<group>"; };
		1BE8E3CB192533AD00D108C0 /* AppDelegate.m */ = {isa = PBXFileReference; lastKnownFileType = sourcecode.c.objc; path = AppDelegate.m; sourceTree = "<group>"; };
		1BE8E3CE192533AD00D108C0 /* appFinal1.xcdatamodel */ = {isa = PBXFileReference; lastKnownFileType = wrapper.xcdatamodel; path = appFinal1.xcdatamodel; sourceTree = "<group>"; };
		1BE8E3D0192533AD00D108C0 /* Images.xcassets */ = {isa = PBXFileReference; lastKnownFileType = folder.assetcatalog; path = Images.xcassets; sourceTree = "<group>"; };
		1BE8E3D6192533AD00D108C0 /* appFinal1Tests.xctest */ = {isa = PBXFileReference; explicitFileType = wrapper.cfbundle; includeInIndex = 0; path = appFinal1Tests.xctest; sourceTree = BUILT_PRODUCTS_DIR; };
		1BE8E3D7192533AD00D108C0 /* XCTest.framework */ = {isa = PBXFileReference; lastKnownFileType = wrapper.framework; name = XCTest.framework; path = Library/Frameworks/XCTest.framework; sourceTree = DEVELOPER_DIR; };
		1BE8E3E0192533AD00D108C0 /* appFinal1Tests-Info.plist */ = {isa = PBXFileReference; lastKnownFileType = text.plist.xml; path = "appFinal1Tests-Info.plist"; sourceTree = "<group>"; };
		1BE8E3E2192533AD00D108C0 /* en */ = {isa = PBXFileReference; lastKnownFileType = text.plist.strings; name = en; path = en.lproj/InfoPlist.strings; sourceTree = "<group>"; };
		1BE8E3E4192533AD00D108C0 /* appFinal1Tests.m */ = {isa = PBXFileReference; lastKnownFileType = sourcecode.c.objc; path = appFinal1Tests.m; sourceTree = "<group>"; };
		1BE8E3EF1925343300D108C0 /* TelaCadastroViewController.h */ = {isa = PBXFileReference; fileEncoding = 4; lastKnownFileType = sourcecode.c.h; path = TelaCadastroViewController.h; sourceTree = "<group>"; };
		1BE8E3F01925343300D108C0 /* TelaCadastroViewController.m */ = {isa = PBXFileReference; fileEncoding = 4; lastKnownFileType = sourcecode.c.objc; path = TelaCadastroViewController.m; sourceTree = "<group>"; };
		1BE8E3F11925343300D108C0 /* TelaCadastroViewController.xib */ = {isa = PBXFileReference; fileEncoding = 4; lastKnownFileType = file.xib; path = TelaCadastroViewController.xib; sourceTree = "<group>"; };
		1BE8E3FA192544E900D108C0 /* LocalStore.h */ = {isa = PBXFileReference; fileEncoding = 4; lastKnownFileType = sourcecode.c.h; path = LocalStore.h; sourceTree = "<group>"; };
		1BE8E3FB192544E900D108C0 /* LocalStore.m */ = {isa = PBXFileReference; fileEncoding = 4; lastKnownFileType = sourcecode.c.objc; path = LocalStore.m; sourceTree = "<group>"; };
/* End PBXFileReference section */

/* Begin PBXFrameworksBuildPhase section */
		1BE8E3B3192533AD00D108C0 /* Frameworks */ = {
			isa = PBXFrameworksBuildPhase;
			buildActionMask = 2147483647;
			files = (
				1BE8E3BC192533AD00D108C0 /* CoreGraphics.framework in Frameworks */,
				1BE8E3C0192533AD00D108C0 /* CoreData.framework in Frameworks */,
				1BE8E3BE192533AD00D108C0 /* UIKit.framework in Frameworks */,
				1BE8E3BA192533AD00D108C0 /* Foundation.framework in Frameworks */,
			);
			runOnlyForDeploymentPostprocessing = 0;
		};
		1BE8E3D3192533AD00D108C0 /* Frameworks */ = {
			isa = PBXFrameworksBuildPhase;
			buildActionMask = 2147483647;
			files = (
				1BE8E3D8192533AD00D108C0 /* XCTest.framework in Frameworks */,
				1BE8E3DB192533AD00D108C0 /* CoreData.framework in Frameworks */,
				1BE8E3DA192533AD00D108C0 /* UIKit.framework in Frameworks */,
				1BE8E3D9192533AD00D108C0 /* Foundation.framework in Frameworks */,
			);
			runOnlyForDeploymentPostprocessing = 0;
		};
/* End PBXFrameworksBuildPhase section */

/* Begin PBXGroup section */
		1B82766A192BDA0100E461AD /* Busca */ = {
			isa = PBXGroup;
			children = (
				1B82766B192BDB2000E461AD /* Tela */,
			);
			name = Busca;
			sourceTree = "<group>";
		};
		1B82766B192BDB2000E461AD /* Tela */ = {
			isa = PBXGroup;
			children = (
				1B82766C192BDB3500E461AD /* TelaBuscaViewController.h */,
				1B82766D192BDB3500E461AD /* TelaBuscaViewController.m */,
				1B82766E192BDB3500E461AD /* TelaBuscaViewController.xib */,
			);
			name = Tela;
			sourceTree = "<group>";
		};
		1BD384511926A56D0044A2E4 /* Tela */ = {
			isa = PBXGroup;
			children = (
				1BE8E3EF1925343300D108C0 /* TelaCadastroViewController.h */,
				1BE8E3F01925343300D108C0 /* TelaCadastroViewController.m */,
				1BE8E3F11925343300D108C0 /* TelaCadastroViewController.xib */,
			);
			name = Tela;
			sourceTree = "<group>";
		};
		1BD384521926A5750044A2E4 /* Delegates */ = {
			isa = PBXGroup;
			children = (
				1BD384571926AF710044A2E4 /* TBInstrumentosQueTocaDelegate.h */,
				1BD384581926AF710044A2E4 /* TBInstrumentosQueTocaDelegate.m */,
				1BD3844E1926A34F0044A2E4 /* TBInstrumentosDelegate.h */,
				1BD3844F1926A34F0044A2E4 /* TBInstrumentosDelegate.m */,
				1B1870AD192A860200EC6375 /* TBEstilosDelegate.h */,
				1B1870AE192A860200EC6375 /* TBEstilosDelegate.m */,
				1B1870AA192A85F400EC6375 /* TBEstilosQueTocaDelegate.h */,
				1B1870AB192A85F400EC6375 /* TBEstilosQueTocaDelegate.m */,
			);
			name = Delegates;
			sourceTree = "<group>";
		};
		1BD384531926A5810044A2E4 /* Singleton */ = {
			isa = PBXGroup;
			children = (
				1BD384541926A5CB0044A2E4 /* CadastroStore.h */,
				1BD384551926A5CB0044A2E4 /* CadastroStore.m */,
			);
			name = Singleton;
			sourceTree = "<group>";
		};
		1BE8E3AD192533AD00D108C0 = {
			isa = PBXGroup;
			children = (
				1BE8E3C1192533AD00D108C0 /* appFinal1 */,
				1BE8E3DE192533AD00D108C0 /* appFinal1Tests */,
				1BE8E3B8192533AD00D108C0 /* Frameworks */,
				1BE8E3B7192533AD00D108C0 /* Products */,
			);
			sourceTree = "<group>";
		};
		1BE8E3B7192533AD00D108C0 /* Products */ = {
			isa = PBXGroup;
			children = (
				1BE8E3B6192533AD00D108C0 /* appFinal1.app */,
				1BE8E3D6192533AD00D108C0 /* appFinal1Tests.xctest */,
			);
			name = Products;
			sourceTree = "<group>";
		};
		1BE8E3B8192533AD00D108C0 /* Frameworks */ = {
			isa = PBXGroup;
			children = (
				1BE8E3B9192533AD00D108C0 /* Foundation.framework */,
				1BE8E3BB192533AD00D108C0 /* CoreGraphics.framework */,
				1BE8E3BD192533AD00D108C0 /* UIKit.framework */,
				1BE8E3BF192533AD00D108C0 /* CoreData.framework */,
				1BE8E3D7192533AD00D108C0 /* XCTest.framework */,
			);
			name = Frameworks;
			sourceTree = "<group>";
		};
		1BE8E3C1192533AD00D108C0 /* appFinal1 */ = {
			isa = PBXGroup;
			children = (
				1BE8E3CA192533AD00D108C0 /* AppDelegate.h */,
				1BE8E3CB192533AD00D108C0 /* AppDelegate.m */,
				1BE8E3F91925449D00D108C0 /* Singleton */,
				1BE8E3F5192539C500D108C0 /* Banco */,
				1BE8E3F4192539B900D108C0 /* Cadastro */,
				1B82766A192BDA0100E461AD /* Busca */,
				1BE8E3D0192533AD00D108C0 /* Images.xcassets */,
				1BE8E3C2192533AD00D108C0 /* Supporting Files */,
			);
			path = appFinal1;
			sourceTree = "<group>";
		};
		1BE8E3C2192533AD00D108C0 /* Supporting Files */ = {
			isa = PBXGroup;
			children = (
				1BE8E3C3192533AD00D108C0 /* appFinal1-Info.plist */,
				1BE8E3C4192533AD00D108C0 /* InfoPlist.strings */,
				1BE8E3C7192533AD00D108C0 /* main.m */,
				1BE8E3C9192533AD00D108C0 /* appFinal1-Prefix.pch */,
			);
			name = "Supporting Files";
			sourceTree = "<group>";
		};
		1BE8E3DE192533AD00D108C0 /* appFinal1Tests */ = {
			isa = PBXGroup;
			children = (
				1BE8E3E4192533AD00D108C0 /* appFinal1Tests.m */,
				1BE8E3DF192533AD00D108C0 /* Supporting Files */,
				1B827671192BDCE800E461AD /* delegatesTest.m */,
			);
			path = appFinal1Tests;
			sourceTree = "<group>";
		};
		1BE8E3DF192533AD00D108C0 /* Supporting Files */ = {
			isa = PBXGroup;
			children = (
				1BE8E3E0192533AD00D108C0 /* appFinal1Tests-Info.plist */,
				1BE8E3E1192533AD00D108C0 /* InfoPlist.strings */,
			);
			name = "Supporting Files";
			sourceTree = "<group>";
		};
		1BE8E3F4192539B900D108C0 /* Cadastro */ = {
			isa = PBXGroup;
			children = (
				1BD384531926A5810044A2E4 /* Singleton */,
				1BD384521926A5750044A2E4 /* Delegates */,
				1BD384511926A56D0044A2E4 /* Tela */,
			);
			name = Cadastro;
			sourceTree = "<group>";
		};
		1BE8E3F5192539C500D108C0 /* Banco */ = {
			isa = PBXGroup;
			children = (
				1BE8E3CD192533AD00D108C0 /* appFinal1.xcdatamodeld */,
				1B1870B0192A9C6400EC6375 /* Usuario.h */,
				1B1870B1192A9C6400EC6375 /* Usuario.m */,
				1B1870B3192AA01900EC6375 /* CadastroUsuario.h */,
				1B1870B4192AA01900EC6375 /* CadastroUsuario.m */,
			);
			name = Banco;
			sourceTree = "<group>";
		};
		1BE8E3F91925449D00D108C0 /* Singleton */ = {
			isa = PBXGroup;
			children = (
				1BE8E3FA192544E900D108C0 /* LocalStore.h */,
				1BE8E3FB192544E900D108C0 /* LocalStore.m */,
			);
			name = Singleton;
			sourceTree = "<group>";
		};
/* End PBXGroup section */

/* Begin PBXNativeTarget section */
		1BE8E3B5192533AD00D108C0 /* appFinal1 */ = {
			isa = PBXNativeTarget;
			buildConfigurationList = 1BE8E3E8192533AD00D108C0 /* Build configuration list for PBXNativeTarget "appFinal1" */;
			buildPhases = (
				1BE8E3B2192533AD00D108C0 /* Sources */,
				1BE8E3B3192533AD00D108C0 /* Frameworks */,
				1BE8E3B4192533AD00D108C0 /* Resources */,
			);
			buildRules = (
			);
			dependencies = (
			);
			name = appFinal1;
			productName = appFinal1;
			productReference = 1BE8E3B6192533AD00D108C0 /* appFinal1.app */;
			productType = "com.apple.product-type.application";
		};
		1BE8E3D5192533AD00D108C0 /* appFinal1Tests */ = {
			isa = PBXNativeTarget;
			buildConfigurationList = 1BE8E3EB192533AD00D108C0 /* Build configuration list for PBXNativeTarget "appFinal1Tests" */;
			buildPhases = (
				1BE8E3D2192533AD00D108C0 /* Sources */,
				1BE8E3D3192533AD00D108C0 /* Frameworks */,
				1BE8E3D4192533AD00D108C0 /* Resources */,
			);
			buildRules = (
			);
			dependencies = (
				1BE8E3DD192533AD00D108C0 /* PBXTargetDependency */,
			);
			name = appFinal1Tests;
			productName = appFinal1Tests;
			productReference = 1BE8E3D6192533AD00D108C0 /* appFinal1Tests.xctest */;
			productType = "com.apple.product-type.bundle.unit-test";
		};
/* End PBXNativeTarget section */

/* Begin PBXProject section */
		1BE8E3AE192533AD00D108C0 /* Project object */ = {
			isa = PBXProject;
			attributes = {
				LastUpgradeCheck = 0510;
				ORGANIZATIONNAME = "RAFAEL BARALDI";
				TargetAttributes = {
					1BE8E3D5192533AD00D108C0 = {
						TestTargetID = 1BE8E3B5192533AD00D108C0;
					};
				};
			};
			buildConfigurationList = 1BE8E3B1192533AD00D108C0 /* Build configuration list for PBXProject "appFinal1" */;
			compatibilityVersion = "Xcode 3.2";
			developmentRegion = English;
			hasScannedForEncodings = 0;
			knownRegions = (
				en,
			);
			mainGroup = 1BE8E3AD192533AD00D108C0;
			productRefGroup = 1BE8E3B7192533AD00D108C0 /* Products */;
			projectDirPath = "";
			projectRoot = "";
			targets = (
				1BE8E3B5192533AD00D108C0 /* appFinal1 */,
				1BE8E3D5192533AD00D108C0 /* appFinal1Tests */,
			);
		};
/* End PBXProject section */

/* Begin PBXResourcesBuildPhase section */
		1BE8E3B4192533AD00D108C0 /* Resources */ = {
			isa = PBXResourcesBuildPhase;
			buildActionMask = 2147483647;
			files = (
				1BE8E3F31925343300D108C0 /* TelaCadastroViewController.xib in Resources */,
				1BE8E3C6192533AD00D108C0 /* InfoPlist.strings in Resources */,
				1BE8E3D1192533AD00D108C0 /* Images.xcassets in Resources */,
				1B827670192BDB3500E461AD /* TelaBuscaViewController.xib in Resources */,
			);
			runOnlyForDeploymentPostprocessing = 0;
		};
		1BE8E3D4192533AD00D108C0 /* Resources */ = {
			isa = PBXResourcesBuildPhase;
			buildActionMask = 2147483647;
			files = (
				1BE8E3E3192533AD00D108C0 /* InfoPlist.strings in Resources */,
			);
			runOnlyForDeploymentPostprocessing = 0;
		};
/* End PBXResourcesBuildPhase section */

/* Begin PBXSourcesBuildPhase section */
		1BE8E3B2192533AD00D108C0 /* Sources */ = {
			isa = PBXSourcesBuildPhase;
			buildActionMask = 2147483647;
			files = (
				1BD384591926AF710044A2E4 /* TBInstrumentosQueTocaDelegate.m in Sources */,
				1BD384561926A5CB0044A2E4 /* CadastroStore.m in Sources */,
				1BE8E3FC192544E900D108C0 /* LocalStore.m in Sources */,
				1BE8E3CF192533AD00D108C0 /* appFinal1.xcdatamodeld in Sources */,
				1BE8E3F21925343300D108C0 /* TelaCadastroViewController.m in Sources */,
				1B1870B5192AA01900EC6375 /* CadastroUsuario.m in Sources */,
				1BD384501926A34F0044A2E4 /* TBInstrumentosDelegate.m in Sources */,
				1B1870B2192A9C6400EC6375 /* Usuario.m in Sources */,
				1B1870AC192A85F400EC6375 /* TBEstilosQueTocaDelegate.m in Sources */,
				1B82766F192BDB3500E461AD /* TelaBuscaViewController.m in Sources */,
				1BE8E3CC192533AD00D108C0 /* AppDelegate.m in Sources */,
				1B1870AF192A860200EC6375 /* TBEstilosDelegate.m in Sources */,
				1BE8E3C8192533AD00D108C0 /* main.m in Sources */,
			);
			runOnlyForDeploymentPostprocessing = 0;
		};
		1BE8E3D2192533AD00D108C0 /* Sources */ = {
			isa = PBXSourcesBuildPhase;
			buildActionMask = 2147483647;
			files = (
				1B827672192BDCE800E461AD /* delegatesTest.m in Sources */,
				1BE8E3E5192533AD00D108C0 /* appFinal1Tests.m in Sources */,
			);
			runOnlyForDeploymentPostprocessing = 0;
		};
/* End PBXSourcesBuildPhase section */

/* Begin PBXTargetDependency section */
		1BE8E3DD192533AD00D108C0 /* PBXTargetDependency */ = {
			isa = PBXTargetDependency;
			target = 1BE8E3B5192533AD00D108C0 /* appFinal1 */;
			targetProxy = 1BE8E3DC192533AD00D108C0 /* PBXContainerItemProxy */;
		};
/* End PBXTargetDependency section */

/* Begin PBXVariantGroup section */
		1BE8E3C4192533AD00D108C0 /* InfoPlist.strings */ = {
			isa = PBXVariantGroup;
			children = (
				1BE8E3C5192533AD00D108C0 /* en */,
			);
			name = InfoPlist.strings;
			sourceTree = "<group>";
		};
		1BE8E3E1192533AD00D108C0 /* InfoPlist.strings */ = {
			isa = PBXVariantGroup;
			children = (
				1BE8E3E2192533AD00D108C0 /* en */,
			);
			name = InfoPlist.strings;
			sourceTree = "<group>";
		};
/* End PBXVariantGroup section */

/* Begin XCBuildConfiguration section */
		1BE8E3E6192533AD00D108C0 /* Debug */ = {
			isa = XCBuildConfiguration;
			buildSettings = {
				ALWAYS_SEARCH_USER_PATHS = NO;
				CLANG_CXX_LANGUAGE_STANDARD = "gnu++0x";
				CLANG_CXX_LIBRARY = "libc++";
				CLANG_ENABLE_MODULES = YES;
				CLANG_ENABLE_OBJC_ARC = YES;
				CLANG_WARN_BOOL_CONVERSION = YES;
				CLANG_WARN_CONSTANT_CONVERSION = YES;
				CLANG_WARN_DIRECT_OBJC_ISA_USAGE = YES_ERROR;
				CLANG_WARN_EMPTY_BODY = YES;
				CLANG_WARN_ENUM_CONVERSION = YES;
				CLANG_WARN_INT_CONVERSION = YES;
				CLANG_WARN_OBJC_ROOT_CLASS = YES_ERROR;
				CLANG_WARN__DUPLICATE_METHOD_MATCH = YES;
				"CODE_SIGN_IDENTITY[sdk=iphoneos*]" = "iPhone Developer";
				COPY_PHASE_STRIP = NO;
				GCC_C_LANGUAGE_STANDARD = gnu99;
				GCC_DYNAMIC_NO_PIC = NO;
				GCC_OPTIMIZATION_LEVEL = 0;
				GCC_PREPROCESSOR_DEFINITIONS = (
					"DEBUG=1",
					"$(inherited)",
				);
				GCC_SYMBOLS_PRIVATE_EXTERN = NO;
				GCC_WARN_64_TO_32_BIT_CONVERSION = YES;
				GCC_WARN_ABOUT_RETURN_TYPE = YES_ERROR;
				GCC_WARN_UNDECLARED_SELECTOR = YES;
				GCC_WARN_UNINITIALIZED_AUTOS = YES_AGGRESSIVE;
				GCC_WARN_UNUSED_FUNCTION = YES;
				GCC_WARN_UNUSED_VARIABLE = YES;
				IPHONEOS_DEPLOYMENT_TARGET = 7.1;
				ONLY_ACTIVE_ARCH = YES;
				SDKROOT = iphoneos;
				TARGETED_DEVICE_FAMILY = "1,2";
			};
			name = Debug;
		};
		1BE8E3E7192533AD00D108C0 /* Release */ = {
			isa = XCBuildConfiguration;
			buildSettings = {
				ALWAYS_SEARCH_USER_PATHS = NO;
				CLANG_CXX_LANGUAGE_STANDARD = "gnu++0x";
				CLANG_CXX_LIBRARY = "libc++";
				CLANG_ENABLE_MODULES = YES;
				CLANG_ENABLE_OBJC_ARC = YES;
				CLANG_WARN_BOOL_CONVERSION = YES;
				CLANG_WARN_CONSTANT_CONVERSION = YES;
				CLANG_WARN_DIRECT_OBJC_ISA_USAGE = YES_ERROR;
				CLANG_WARN_EMPTY_BODY = YES;
				CLANG_WARN_ENUM_CONVERSION = YES;
				CLANG_WARN_INT_CONVERSION = YES;
				CLANG_WARN_OBJC_ROOT_CLASS = YES_ERROR;
				CLANG_WARN__DUPLICATE_METHOD_MATCH = YES;
				"CODE_SIGN_IDENTITY[sdk=iphoneos*]" = "iPhone Developer";
				COPY_PHASE_STRIP = YES;
				ENABLE_NS_ASSERTIONS = NO;
				GCC_C_LANGUAGE_STANDARD = gnu99;
				GCC_WARN_64_TO_32_BIT_CONVERSION = YES;
				GCC_WARN_ABOUT_RETURN_TYPE = YES_ERROR;
				GCC_WARN_UNDECLARED_SELECTOR = YES;
				GCC_WARN_UNINITIALIZED_AUTOS = YES_AGGRESSIVE;
				GCC_WARN_UNUSED_FUNCTION = YES;
				GCC_WARN_UNUSED_VARIABLE = YES;
				IPHONEOS_DEPLOYMENT_TARGET = 7.1;
				SDKROOT = iphoneos;
				TARGETED_DEVICE_FAMILY = "1,2";
				VALIDATE_PRODUCT = YES;
			};
			name = Release;
		};
		1BE8E3E9192533AD00D108C0 /* Debug */ = {
			isa = XCBuildConfiguration;
			buildSettings = {
				ASSETCATALOG_COMPILER_APPICON_NAME = AppIcon;
				ASSETCATALOG_COMPILER_LAUNCHIMAGE_NAME = LaunchImage;
				GCC_PRECOMPILE_PREFIX_HEADER = YES;
				GCC_PREFIX_HEADER = "appFinal1/appFinal1-Prefix.pch";
				INFOPLIST_FILE = "appFinal1/appFinal1-Info.plist";
				PRODUCT_NAME = "$(TARGET_NAME)";
				WRAPPER_EXTENSION = app;
			};
			name = Debug;
		};
		1BE8E3EA192533AD00D108C0 /* Release */ = {
			isa = XCBuildConfiguration;
			buildSettings = {
				ASSETCATALOG_COMPILER_APPICON_NAME = AppIcon;
				ASSETCATALOG_COMPILER_LAUNCHIMAGE_NAME = LaunchImage;
				GCC_PRECOMPILE_PREFIX_HEADER = YES;
				GCC_PREFIX_HEADER = "appFinal1/appFinal1-Prefix.pch";
				INFOPLIST_FILE = "appFinal1/appFinal1-Info.plist";
				PRODUCT_NAME = "$(TARGET_NAME)";
				WRAPPER_EXTENSION = app;
			};
			name = Release;
		};
		1BE8E3EC192533AD00D108C0 /* Debug */ = {
			isa = XCBuildConfiguration;
			buildSettings = {
				BUNDLE_LOADER = "$(BUILT_PRODUCTS_DIR)/appFinal1.app/appFinal1";
				FRAMEWORK_SEARCH_PATHS = (
					"$(SDKROOT)/Developer/Library/Frameworks",
					"$(inherited)",
					"$(DEVELOPER_FRAMEWORKS_DIR)",
				);
				GCC_PRECOMPILE_PREFIX_HEADER = YES;
				GCC_PREFIX_HEADER = "appFinal1/appFinal1-Prefix.pch";
				GCC_PREPROCESSOR_DEFINITIONS = (
					"DEBUG=1",
					"$(inherited)",
				);
				INFOPLIST_FILE = "appFinal1Tests/appFinal1Tests-Info.plist";
				PRODUCT_NAME = "$(TARGET_NAME)";
				TEST_HOST = "$(BUNDLE_LOADER)";
				WRAPPER_EXTENSION = xctest;
			};
			name = Debug;
		};
		1BE8E3ED192533AD00D108C0 /* Release */ = {
			isa = XCBuildConfiguration;
			buildSettings = {
				BUNDLE_LOADER = "$(BUILT_PRODUCTS_DIR)/appFinal1.app/appFinal1";
				FRAMEWORK_SEARCH_PATHS = (
					"$(SDKROOT)/Developer/Library/Frameworks",
					"$(inherited)",
					"$(DEVELOPER_FRAMEWORKS_DIR)",
				);
				GCC_PRECOMPILE_PREFIX_HEADER = YES;
				GCC_PREFIX_HEADER = "appFinal1/appFinal1-Prefix.pch";
				INFOPLIST_FILE = "appFinal1Tests/appFinal1Tests-Info.plist";
				PRODUCT_NAME = "$(TARGET_NAME)";
				TEST_HOST = "$(BUNDLE_LOADER)";
				WRAPPER_EXTENSION = xctest;
			};
			name = Release;
		};
/* End XCBuildConfiguration section */

/* Begin XCConfigurationList section */
		1BE8E3B1192533AD00D108C0 /* Build configuration list for PBXProject "appFinal1" */ = {
			isa = XCConfigurationList;
			buildConfigurations = (
				1BE8E3E6192533AD00D108C0 /* Debug */,
				1BE8E3E7192533AD00D108C0 /* Release */,
			);
			defaultConfigurationIsVisible = 0;
			defaultConfigurationName = Release;
		};
		1BE8E3E8192533AD00D108C0 /* Build configuration list for PBXNativeTarget "appFinal1" */ = {
			isa = XCConfigurationList;
			buildConfigurations = (
				1BE8E3E9192533AD00D108C0 /* Debug */,
				1BE8E3EA192533AD00D108C0 /* Release */,
			);
			defaultConfigurationIsVisible = 0;
			defaultConfigurationName = Release;
		};
		1BE8E3EB192533AD00D108C0 /* Build configuration list for PBXNativeTarget "appFinal1Tests" */ = {
			isa = XCConfigurationList;
			buildConfigurations = (
				1BE8E3EC192533AD00D108C0 /* Debug */,
				1BE8E3ED192533AD00D108C0 /* Release */,
			);
			defaultConfigurationIsVisible = 0;
			defaultConfigurationName = Release;
		};
/* End XCConfigurationList section */

/* Begin XCVersionGroup section */
		1BE8E3CD192533AD00D108C0 /* appFinal1.xcdatamodeld */ = {
			isa = XCVersionGroup;
			children = (
				1BE8E3CE192533AD00D108C0 /* appFinal1.xcdatamodel */,
			);
			currentVersion = 1BE8E3CE192533AD00D108C0 /* appFinal1.xcdatamodel */;
			path = appFinal1.xcdatamodeld;
			sourceTree = "<group>";
			versionGroupType = wrapper.xcdatamodel;
		};
/* End XCVersionGroup section */
	};
	rootObject = 1BE8E3AE192533AD00D108C0 /* Project object */;
}
